{
  "name": "portfolio-website",
  "lockfileVersion": 3,
  "requires": true,
  "packages": {
    "": {
      "dependencies": {
        "tsparticles": "^2.5.3"
      }
    },
    "node_modules/tsparticles": {
      "version": "2.5.3",
      "resolved": "https://registry.npmjs.org/tsparticles/-/tsparticles-2.5.3.tgz",
      "integrity": "sha512-qp3WdOKLQsZUgR11biq5mK5njmD6bhDcK2XpsLenj0oNvz6A/lHn8fv9KgWmLka6sBBHwTpAPpnFGBII5GMaqA==",
      "dependencies": {
        "tsparticles-engine": "^2.5.2",
        "tsparticles-interaction-external-trail": "^2.5.3",
        "tsparticles-plugin-absorbers": "^2.5.3",
        "tsparticles-plugin-emitters": "^2.5.3",
        "tsparticles-slim": "^2.5.3",
        "tsparticles-updater-destroy": "^2.5.3",
        "tsparticles-updater-roll": "^2.5.3",
        "tsparticles-updater-tilt": "^2.5.3",
        "tsparticles-updater-twinkle": "^2.5.3",
        "tsparticles-updater-wobble": "^2.5.3"
      },
      "funding": {
        "type": "github",
        "url": "https://github.com/sponsors/matteobruni"
      }
    },
    "node_modules/tsparticles-engine": {
      "version": "2.5.2",
      "resolved": "https://registry.npmjs.org/tsparticles-engine/-/tsparticles-engine-2.5.2.tgz",
      "integrity": "sha512-P2m1E/EIlvEnH9l7OEIpeKXxSn1ThNhWSp6zeRYvH/DntJpI5Oqa/AMrjum15rUzBkMDgRo7XFO4LqRWs8iB/Q==",
      "funding": [
        {
          "type": "github",
          "url": "https://github.com/sponsors/matteobruni"
        },
        {
          "type": "buymeacoffee",
          "url": "https://www.buymeacoffee.com/matteobruni"
        }
      ],
      "hasInstallScript": true
    },
    "node_modules/tsparticles-interaction-external-attract": {
      "version": "2.5.3",
      "resolved": "https://registry.npmjs.org/tsparticles-interaction-external-attract/-/tsparticles-interaction-external-attract-2.5.3.tgz",
      "integrity": "sha512-W9w8ztCLjFK8ADROTpCBepyotTfwZdRqU6FMe0W0KU3Lj4GpR53dN7tk/YUuLtZut1DRFNH0SUh6IIuW4Oq2oQ==",
      "dependencies": {
        "tsparticles-engine": "^2.5.2"
      }
    },
    "node_modules/tsparticles-interaction-external-bounce": {
      "version": "2.5.3",
      "resolved": "https://registry.npmjs.org/tsparticles-interaction-external-bounce/-/tsparticles-interaction-external-bounce-2.5.3.tgz",
      "integrity": "sha512-z/3e8KSTm5n6kIU9KRpSr+XLz8ARDV4XuFqtDcRZBp0CXWcb2GVuuUQvHXhir1KPM3VzlHjHK8wxzqaE6TRfaw==",
      "dependencies": {
        "tsparticles-engine": "^2.5.2"
      }
    },
    "node_modules/tsparticles-interaction-external-bubble": {
      "version": "2.5.3",
      "resolved": "https://registry.npmjs.org/tsparticles-interaction-external-bubble/-/tsparticles-interaction-external-bubble-2.5.3.tgz",
      "integrity": "sha512-cAXvn5ScwEku1e01CzWFMMGogvDkY/O/FnMr3kFvxztY3BeeSuj3RIwd+INp5U0L0D88hue0kL0BEIfPQLbfCA==",
      "dependencies": {
        "tsparticles-engine": "^2.5.2"
      }
    },
    "node_modules/tsparticles-interaction-external-connect": {
      "version": "2.5.3",
      "resolved": "https://registry.npmjs.org/tsparticles-interaction-external-connect/-/tsparticles-interaction-external-connect-2.5.3.tgz",
      "integrity": "sha512-KOcNNxb4MxmDeTfnNawWtn72YaILjTvpN5zSNXRDDiYLJ9dFAuoU8jfXxTyb5EGtF6PNkU9er0KX2aA3hQNM1w==",
      "dependencies": {
        "tsparticles-engine": "^2.5.2"
      }
    },
    "node_modules/tsparticles-interaction-external-grab": {
      "version": "2.5.3",
      "resolved": "https://registry.npmjs.org/tsparticles-interaction-external-grab/-/tsparticles-interaction-external-grab-2.5.3.tgz",
      "integrity": "sha512-bVTdB8lojJsd+9Pm2kGuQQa9VrIq+hITn2lBQ2YVzlF+vJ4a02Nvw07PHKlnmu+EJDmMwlGmu5z1oAFaWaRGMA==",
      "dependencies": {
        "tsparticles-engine": "^2.5.2"
      }
    },
    "node_modules/tsparticles-interaction-external-pause": {
      "version": "2.5.3",
      "resolved": "https://registry.npmjs.org/tsparticles-interaction-external-pause/-/tsparticles-interaction-external-pause-2.5.3.tgz",
      "integrity": "sha512-LPNcYCmo9/PoHdyTb+8nmZxvbtknYdqnjs70fYIngL4pNvdq8KwO38Z1anh7rBIVvHOlpm2w7NnwO3jeOnYOVQ==",
      "dependencies": {
        "tsparticles-engine": "^2.5.2"
      }
    },
    "node_modules/tsparticles-interaction-external-push": {
      "version": "2.5.3",
      "resolved": "https://registry.npmjs.org/tsparticles-interaction-external-push/-/tsparticles-interaction-external-push-2.5.3.tgz",
      "integrity": "sha512-5vfDVR9ciAGORVszq8ciqE6HYmpciDS2zom2++apHLvxM1AAQJKh/zRy3W3hl2qQ5aEvb67t/iaRiglTtQD2qA==",
      "dependencies": {
        "tsparticles-engine": "^2.5.2"
      }
    },
    "node_modules/tsparticles-interaction-external-remove": {
      "version": "2.5.3",
      "resolved": "https://registry.npmjs.org/tsparticles-interaction-external-remove/-/tsparticles-interaction-external-remove-2.5.3.tgz",
      "integrity": "sha512-+goJgwiTHR6OFmuHZjqI7wO+VFeH8GObJEZzvRLzAZ1jRDZquc/Lm7bMLnQjKOS+pA44tLrZB4ErFT1/+VH1dg==",
      "dependencies": {
        "tsparticles-engine": "^2.5.2"
      }
    },
    "node_modules/tsparticles-interaction-external-repulse": {
      "version": "2.5.3",
      "resolved": "https://registry.npmjs.org/tsparticles-interaction-external-repulse/-/tsparticles-interaction-external-repulse-2.5.3.tgz",
      "integrity": "sha512-6o/Xk8oTB/oGAlp291f8HllRvb5P7Qs6Z35imJ+hmLBuxXpu++TRbBJl9AyTuzhkaiX46cy765q79K4Nf71tTQ==",
      "dependencies": {
        "tsparticles-engine": "^2.5.2"
      }
    },
    "node_modules/tsparticles-interaction-external-slow": {
      "version": "2.5.3",
      "resolved": "https://registry.npmjs.org/tsparticles-interaction-external-slow/-/tsparticles-interaction-external-slow-2.5.3.tgz",
      "integrity": "sha512-nWDtU2q3gLccu9CafmONAVJFA9gMvAJ26Uf7+jiqWPAG0R3p/oL8INZDyIwKtxd+OFkE6QwBWe1BJovOUjJfZw==",
      "dependencies": {
        "tsparticles-engine": "^2.5.2"
      }
    },
    "node_modules/tsparticles-interaction-external-trail": {
      "version": "2.5.3",
      "resolved": "https://registry.npmjs.org/tsparticles-interaction-external-trail/-/tsparticles-interaction-external-trail-2.5.3.tgz",
      "integrity": "sha512-Z0PuHPjgNHTUOHGSyM31dls03Brq1//6qrSfMu4zmVcfyb9wVZN2UeTd0OjqNLiz7gsBVdFWinRVe20EcOPYIQ==",
      "dependencies": {
        "tsparticles-engine": "^2.5.2"
      }
    },
    "node_modules/tsparticles-interaction-particles-attract": {
      "version": "2.5.3",
      "resolved": "https://registry.npmjs.org/tsparticles-interaction-particles-attract/-/tsparticles-interaction-particles-attract-2.5.3.tgz",
      "integrity": "sha512-vACi7Zdx3LtqFNbapCxylNuj/T52lhc8xN2vTq2oGMEm0f8JjBqrsfXYzvN7cpVVg4hQDiBWwWgAftQEwAHkJQ==",
      "dependencies": {
        "tsparticles-engine": "^2.5.2"
      }
    },
    "node_modules/tsparticles-interaction-particles-collisions": {
      "version": "2.5.3",
      "resolved": "https://registry.npmjs.org/tsparticles-interaction-particles-collisions/-/tsparticles-interaction-particles-collisions-2.5.3.tgz",
      "integrity": "sha512-KhlWgrMr8GD0rkj75yhhEZkvr56DJxIlk57YZfBHrYvpLVUyYDXO7iv5mVAPG7qtfxfMwggEXZSpCxbH5bfhbA==",
      "dependencies": {
        "tsparticles-engine": "^2.5.2"
      }
    },
    "node_modules/tsparticles-interaction-particles-links": {
      "version": "2.5.3",
      "resolved": "https://registry.npmjs.org/tsparticles-interaction-particles-links/-/tsparticles-interaction-particles-links-2.5.3.tgz",
      "integrity": "sha512-aT43l+90HV81IKuNPgVKUU/1aMwC6aVYQeqRwyUi1WMoW2n0JUuM/k2ifqEUsfNuoXOfedU9HRXk4+iXnKd0SQ==",
      "dependencies": {
        "tsparticles-engine": "^2.5.2"
      }
    },
    "node_modules/tsparticles-move-base": {
      "version": "2.5.3",
      "resolved": "https://registry.npmjs.org/tsparticles-move-base/-/tsparticles-move-base-2.5.3.tgz",
      "integrity": "sha512-YOpTua9TfBoU6dmK6VdvVgXIpb2iU8PuA3lL+p/Qe6VLqGx4XgSt27pD63Qa5p7lFZTCxa4cnE+DcHFVSRWG1Q==",
      "dependencies": {
        "tsparticles-engine": "^2.5.2"
      }
    },
    "node_modules/tsparticles-move-parallax": {
      "version": "2.5.3",
      "resolved": "https://registry.npmjs.org/tsparticles-move-parallax/-/tsparticles-move-parallax-2.5.3.tgz",
      "integrity": "sha512-l9vgLZrdR9WIaiJ8lH7Nq2h60zg4/w+X/pvp76CWce3S7ochW3s5r/J9dnNJOSyHUEvs42s76yOdZA1apkFHvw==",
      "dependencies": {
        "tsparticles-engine": "^2.5.2"
      }
    },
    "node_modules/tsparticles-particles.js": {
      "version": "2.5.3",
      "resolved": "https://registry.npmjs.org/tsparticles-particles.js/-/tsparticles-particles.js-2.5.3.tgz",
      "integrity": "sha512-nksab+qsfpz+gA/qXqpiQJYaMznPh52FY77kdcttVUKj2b5vQLjMq2avewREKnsWJYqDl5LohekbEMXDznS2wQ==",
      "dependencies": {
        "tsparticles-engine": "^2.5.2"
      },
      "funding": {
        "type": "github",
        "url": "https://github.com/sponsors/matteobruni"
      }
    },
    "node_modules/tsparticles-plugin-absorbers": {
      "version": "2.5.3",
      "resolved": "https://registry.npmjs.org/tsparticles-plugin-absorbers/-/tsparticles-plugin-absorbers-2.5.3.tgz",
      "integrity": "sha512-sN0Utyd62vMXr46Pko/0ncRbhTLUfkFNpY4x8Z7eCnkX4WnWkVMrcwT3ib7wn56/rtxn8rzWYCIquaioU8oOEQ==",
      "dependencies": {
        "tsparticles-engine": "^2.5.2"
      }
    },
    "node_modules/tsparticles-plugin-easing-quad": {
      "version": "2.5.3",
      "resolved": "https://registry.npmjs.org/tsparticles-plugin-easing-quad/-/tsparticles-plugin-easing-quad-2.5.3.tgz",
      "integrity": "sha512-rGhPbL4mJrQkziYu5wpcKtdDqj3srfvcWqfm6D3NBjdveWm5Q6o/fA8hlkNXuBPCIIpQG4cfwQYx8nc5BEtwgA==",
      "funding": [
        {
          "type": "github",
          "url": "https://github.com/sponsors/matteobruni"
        },
        {
          "type": "buymeacoffee",
          "url": "https://www.buymeacoffee.com/matteobruni"
        }
      ],
      "dependencies": {
        "tsparticles-engine": "^2.5.2"
      }
    },
    "node_modules/tsparticles-plugin-emitters": {
      "version": "2.5.3",
      "resolved": "https://registry.npmjs.org/tsparticles-plugin-emitters/-/tsparticles-plugin-emitters-2.5.3.tgz",
      "integrity": "sha512-yF1qiGJu99EIG40nTLVGwV6JEgpB9NGCynd6chvqby7A01AWoqpaUaQ7AdyblcjpPq2WYkyMhJWdeNEk6YblFQ==",
      "dependencies": {
        "tsparticles-engine": "^2.5.2"
      }
    },
    "node_modules/tsparticles-shape-circle": {
      "version": "2.5.3",
      "resolved": "https://registry.npmjs.org/tsparticles-shape-circle/-/tsparticles-shape-circle-2.5.3.tgz",
      "integrity": "sha512-D8zbbC/eaqaOjd3MjhmbkmMQ+uH97RKNJL3YyZ743s1YowCGPK4c6N5NUdVNqljWHn15ALpq0NV/GzY5oGVTNw==",
      "dependencies": {
        "tsparticles-engine": "^2.5.2"
      }
    },
    "node_modules/tsparticles-shape-image": {
      "version": "2.5.3",
      "resolved": "https://registry.npmjs.org/tsparticles-shape-image/-/tsparticles-shape-image-2.5.3.tgz",
      "integrity": "sha512-hdSxxkTXlEC2vn1Hi//GDZNqIGCVyuRfoTmE8ex3hj9NA0YhZoBcmr+4kmFDfJRBvtvumIQk4V1JVruHgoVnuw==",
      "dependencies": {
        "tsparticles-engine": "^2.5.2"
      }
    },
    "node_modules/tsparticles-shape-line": {
      "version": "2.5.3",
      "resolved": "https://registry.npmjs.org/tsparticles-shape-line/-/tsparticles-shape-line-2.5.3.tgz",
      "integrity": "sha512-ee+mA40mTfvbpetU0ohmsiZ1ClY7OCFwcAEfNlfTJc7BGUVQuvEN47RHR9UtL4k3REu9JNKr6J2EIuUOgRwwLw==",
      "dependencies": {
        "tsparticles-engine": "^2.5.2"
      }
    },
    "node_modules/tsparticles-shape-polygon": {
      "version": "2.5.3",
      "resolved": "https://registry.npmjs.org/tsparticles-shape-polygon/-/tsparticles-shape-polygon-2.5.3.tgz",
      "integrity": "sha512-1w+6nke5LvKd/jEwCgj8QKDIi5qFLjm54Dg1fH4S1jhEtNAM25o28Law0JGfZeernmBWqaxBj5pV9BJGeqqfcw==",
      "dependencies": {
        "tsparticles-engine": "^2.5.2"
      }
    },
    "node_modules/tsparticles-shape-square": {
      "version": "2.5.3",
      "resolved": "https://registry.npmjs.org/tsparticles-shape-square/-/tsparticles-shape-square-2.5.3.tgz",
      "integrity": "sha512-LXS6UJJx0gCB7kS8kJb4N01owMnIwYkUaN5eVcN5h0b8Hc2cX+E962yImR2ZN+Hcq4P9lb7qXGj7SsAAa054WQ==",
      "dependencies": {
        "tsparticles-engine": "^2.5.2"
      }
    },
    "node_modules/tsparticles-shape-star": {
      "version": "2.5.3",
      "resolved": "https://registry.npmjs.org/tsparticles-shape-star/-/tsparticles-shape-star-2.5.3.tgz",
      "integrity": "sha512-/xvEP8XQ1TWcKBGMA0vTyu7EW/dcOz3jaOzgtAN3MvKgu9AQDiT02HUNW92QIUmqLStlCPAttf37eUss+JGTVw==",
      "dependencies": {
        "tsparticles-engine": "^2.5.2"
      }
    },
    "node_modules/tsparticles-shape-text": {
      "version": "2.5.3",
      "resolved": "https://registry.npmjs.org/tsparticles-shape-text/-/tsparticles-shape-text-2.5.3.tgz",
      "integrity": "sha512-d6/xZVhBTAVtnMOH8K9nCamgfiO10M2q67rAUDTUVTscYES996jQYsTeDfg43IIO7eruXBH80LZVLt1MBZJ3DA==",
      "dependencies": {
        "tsparticles-engine": "^2.5.2"
      }
    },
    "node_modules/tsparticles-slim": {
      "version": "2.5.3",
      "resolved": "https://registry.npmjs.org/tsparticles-slim/-/tsparticles-slim-2.5.3.tgz",
      "integrity": "sha512-t44w8lrajWIOp2P14G9Hfp32v+EzpjjB4402jsbVHRyaQdm3vlgrtqA1H/2qQGdJHkl24lUZXNlLqX4fSoBZbg==",
      "dependencies": {
        "tsparticles-engine": "^2.5.2",
        "tsparticles-interaction-external-attract": "^2.5.3",
        "tsparticles-interaction-external-bounce": "^2.5.3",
        "tsparticles-interaction-external-bubble": "^2.5.3",
        "tsparticles-interaction-external-connect": "^2.5.3",
        "tsparticles-interaction-external-grab": "^2.5.3",
        "tsparticles-interaction-external-pause": "^2.5.3",
        "tsparticles-interaction-external-push": "^2.5.3",
        "tsparticles-interaction-external-remove": "^2.5.3",
        "tsparticles-interaction-external-repulse": "^2.5.3",
        "tsparticles-interaction-external-slow": "^2.5.3",
        "tsparticles-interaction-particles-attract": "^2.5.3",
        "tsparticles-interaction-particles-collisions": "^2.5.3",
        "tsparticles-interaction-particles-links": "^2.5.3",
        "tsparticles-move-base": "^2.5.3",
        "tsparticles-move-parallax": "^2.5.3",
        "tsparticles-particles.js": "^2.5.3",
        "tsparticles-plugin-easing-quad": "^2.5.3",
        "tsparticles-shape-circle": "^2.5.3",
        "tsparticles-shape-image": "^2.5.3",
        "tsparticles-shape-line": "^2.5.3",
        "tsparticles-shape-polygon": "^2.5.3",
        "tsparticles-shape-square": "^2.5.3",
        "tsparticles-shape-star": "^2.5.3",
        "tsparticles-shape-text": "^2.5.3",
        "tsparticles-updater-angle": "^2.5.3",
        "tsparticles-updater-color": "^2.5.3",
        "tsparticles-updater-life": "^2.5.3",
        "tsparticles-updater-opacity": "^2.5.3",
        "tsparticles-updater-out-modes": "^2.5.3",
        "tsparticles-updater-size": "^2.5.3",
        "tsparticles-updater-stroke-color": "^2.5.3"
      },
      "funding": {
        "type": "github",
        "url": "https://github.com/sponsors/matteobruni"
      }
    },
    "node_modules/tsparticles-updater-angle": {
      "version": "2.5.3",
      "resolved": "https://registry.npmjs.org/tsparticles-updater-angle/-/tsparticles-updater-angle-2.5.3.tgz",
      "integrity": "sha512-2oQYSV5PC0FWnwRswcUZjXAeuHa8QQw0dK3NnyxG52PuyJorxGz38t8/INrPMxaNDA8LvSHO+CzYFi9CzQvXbg==",
      "dependencies": {
        "tsparticles-engine": "^2.5.2"
      }
    },
    "node_modules/tsparticles-updater-color": {
      "version": "2.5.3",
      "resolved": "https://registry.npmjs.org/tsparticles-updater-color/-/tsparticles-updater-color-2.5.3.tgz",
      "integrity": "sha512-eNmyfkzk7AfghCLwCewt+480LAfK5uX2D5jnQC/Vo5VNxco1P0clGTx61g9pc3vVzUV1e5NEj6Gw1tCSb8f+nw==",
      "dependencies": {
        "tsparticles-engine": "^2.5.2"
      }
    },
    "node_modules/tsparticles-updater-destroy": {
      "version": "2.5.3",
      "resolved": "https://registry.npmjs.org/tsparticles-updater-destroy/-/tsparticles-updater-destroy-2.5.3.tgz",
      "integrity": "sha512-2G6haBy5PqpNmnOLVeUzmm82zjfx8YmSwu9qZ5nUEPLNDQCDkAN4u6mffrkZRajY0u/KmwTTaajIVK0ExIR9aw==",
      "dependencies": {
        "tsparticles-engine": "^2.5.2"
      }
    },
    "node_modules/tsparticles-updater-life": {
      "version": "2.5.3",
      "resolved": "https://registry.npmjs.org/tsparticles-updater-life/-/tsparticles-updater-life-2.5.3.tgz",
      "integrity": "sha512-smK9iuNRPmK9rr74X9xzx9LPpVaSbRY+uri7/lI9NLvoi5b1PtYImYSIQGiXrPfFZ2/KL+MApddVnwqI/8MHqw==",
      "dependencies": {
        "tsparticles-engine": "^2.5.2"
      }
    },
    "node_modules/tsparticles-updater-opacity": {
      "version": "2.5.3",
      "resolved": "https://registry.npmjs.org/tsparticles-updater-opacity/-/tsparticles-updater-opacity-2.5.3.tgz",
      "integrity": "sha512-1tLJYDq1uQM7sNn8QPO8s2yPTRAJONCxyETWl9SAc6ghTX0qrebcla3pGRBWMT0g0cIJb4qIsO9Nyaq9RYf0iQ==",
      "dependencies": {
        "tsparticles-engine": "^2.5.2"
      }
    },
    "node_modules/tsparticles-updater-out-modes": {
      "version": "2.5.3",
      "resolved": "https://registry.npmjs.org/tsparticles-updater-out-modes/-/tsparticles-updater-out-modes-2.5.3.tgz",
      "integrity": "sha512-KyhA2YNA3j7TFv2lOwZN9JXuR5z1/N7fUmaFTVJGooI6Bf7WvTFaDFp0gvufrBSd4CqDwsQITqDOwV2J1sGDEQ==",
      "dependencies": {
        "tsparticles-engine": "^2.5.2"
      }
    },
    "node_modules/tsparticles-updater-roll": {
      "version": "2.5.3",
      "resolved": "https://registry.npmjs.org/tsparticles-updater-roll/-/tsparticles-updater-roll-2.5.3.tgz",
      "integrity": "sha512-jkiGkFW7s7TJBqfsiC4ZU0/gR/YCAeOkHAIIuHcVy4soM2rf0P2NKKzZxYMxSIyGQrCG0Hxw0GEGlLV5UiqK2w==",
      "dependencies": {
        "tsparticles-engine": "^2.5.2"
      }
    },
    "node_modules/tsparticles-updater-size": {
      "version": "2.5.3",
      "resolved": "https://registry.npmjs.org/tsparticles-updater-size/-/tsparticles-updater-size-2.5.3.tgz",
      "integrity": "sha512-kU1qyP8NKQd5XhAc2jp/VLn2AxakM+HFKozlzHIp8DPy+INW5lpgswo2Cc5e1ZXQCdOMQlQFn6cNCbct24kKcQ==",
      "dependencies": {
        "tsparticles-engine": "^2.5.2"
      }
    },
    "node_modules/tsparticles-updater-stroke-color": {
      "version": "2.5.3",
      "resolved": "https://registry.npmjs.org/tsparticles-updater-stroke-color/-/tsparticles-updater-stroke-color-2.5.3.tgz",
      "integrity": "sha512-XONraSFtepvtEqJXQWQSV+KOEWill9HtwVju8CsFgS/NtJYlYKfpSEbv41r7pWRhZRaFZN/BbOnMfwHCdLuBHw==",
      "dependencies": {
        "tsparticles-engine": "^2.5.2"
      }
    },
    "node_modules/tsparticles-updater-tilt": {
      "version": "2.5.3",
      "resolved": "https://registry.npmjs.org/tsparticles-updater-tilt/-/tsparticles-updater-tilt-2.5.3.tgz",
      "integrity": "sha512-Njt3aR+WtYiuvaLWnJOsL6NGDfVAfMrVzzOGrrf7X4TZKpk4HMMYcxOQFbvBQnoQZhenq3/TJh09Xx44AX7Rag==",
      "dependencies": {
        "tsparticles-engine": "^2.5.2"
      }
    },
    "node_modules/tsparticles-updater-twinkle": {
      "version": "2.5.3",
      "resolved": "https://registry.npmjs.org/tsparticles-updater-twinkle/-/tsparticles-updater-twinkle-2.5.3.tgz",
      "integrity": "sha512-YvfRIf00stfTqttQL5IZ5yHaVufR7XnXxPk+GZ9bLzw5SGoUD+EyLlKVoP6L9gbY6O3I6c64ZKrKmBWMoYWxDg==",
      "dependencies": {
        "tsparticles-engine": "^2.5.2"
      }
    },
    "node_modules/tsparticles-updater-wobble": {
      "version": "2.5.3",
      "resolved": "https://registry.npmjs.org/tsparticles-updater-wobble/-/tsparticles-updater-wobble-2.5.3.tgz",
      "integrity": "sha512-uB4VdZU1Ha7T8ZtOe0SAdnrVVkoCCDeb/BIUTGp7nF1/fVlv57v7iI54GmbYE9Aabljc2KOvEaaiYPO+iBJqgA==",
      "dependencies": {
        "tsparticles-engine": "^2.5.2"
      }
    }
  }
}
